
Microsoft Visual Studio Solution File, Format Version 12.00
# Visual Studio Version 17
VisualStudioVersion = 17.5.002.0
MinimumVisualStudioVersion = 10.0.40219.1
Project("{9A19103F-16F7-4668-BE54-9A1E7A4F7556}") = "ProjetoSistemaDeHospedagem", "ProjetoSistemaDeHospedagem\ProjetoSistemaDeHospedagem.csproj", "{1DC9AEFB-BD40-4836-AD02-C51B881F0700}"
EndProject
Global
	GlobalSection(SolutionConfigurationPlatforms) = preSolution
		Debug|Any CPU = Debug|Any CPU
		Release|Any CPU = Release|Any CPU
	EndGlobalSection
	GlobalSection(ProjectConfigurationPlatforms) = postSolution
		{1DC9AEFB-BD40-4836-AD02-C51B881F0700}.Debug|Any CPU.ActiveCfg = Debug|Any CPU
		{1DC9AEFB-BD40-4836-AD02-C51B881F0700}.Debug|Any CPU.Build.0 = Debug|Any CPU
		{1DC9AEFB-BD40-4836-AD02-C51B881F0700}.Release|Any CPU.ActiveCfg = Release|Any CPU
		{1DC9AEFB-BD40-4836-AD02-C51B881F0700}.Release|Any CPU.Build.0 = Release|Any CPU
	EndGlobalSection
	GlobalSection(SolutionProperties) = preSolution
		HideSolutionNode = FALSE
	EndGlobalSection
	GlobalSection(ExtensibilityGlobals) = postSolution
		SolutionGuid = {1A7B1924-2080-4CE1-9A2A-3E7C0DA5D80B}
	EndGlobalSection
EndGlobal
